
Microsoft Visual Studio Solution File, Format Version 12.00
# Visual Studio 15
VisualStudioVersion = 15.0.28307.1321
MinimumVisualStudioVersion = 10.0.40219.1
Project("{FAE04EC0-301F-11D3-BF4B-00C04F79EFBC}") = "Kruso.Reepay.Extensions", "Kruso.Reepay.Extensions\Kruso.Reepay.Extensions.csproj", "{016DC939-E023-44C6-BB53-CED29D5E5531}"
EndProject
Project("{FAE04EC0-301F-11D3-BF4B-00C04F79EFBC}") = "Kruso.Reepay.Web", "Kruso.Reepay.Web\Kruso.Reepay.Web.csproj", "{8C4CC80D-2B0C-4F27-B52A-BFA300F81493}"
EndProject
Global
	GlobalSection(SolutionConfigurationPlatforms) = preSolution
		Debug|Any CPU = Debug|Any CPU
		Release|Any CPU = Release|Any CPU
	EndGlobalSection
	GlobalSection(ProjectConfigurationPlatforms) = postSolution
		{95C1CD84-9633-476A-B4F8-B5FAD1BFFF57}.Debug|Any CPU.ActiveCfg = Debug|Any CPU
		{95C1CD84-9633-476A-B4F8-B5FAD1BFFF57}.Debug|Any CPU.Build.0 = Debug|Any CPU
		{95C1CD84-9633-476A-B4F8-B5FAD1BFFF57}.Release|Any CPU.ActiveCfg = Release|Any CPU
		{95C1CD84-9633-476A-B4F8-B5FAD1BFFF57}.Release|Any CPU.Build.0 = Release|Any CPU
		{016DC939-E023-44C6-BB53-CED29D5E5531}.Debug|Any CPU.ActiveCfg = Debug|Any CPU
		{016DC939-E023-44C6-BB53-CED29D5E5531}.Debug|Any CPU.Build.0 = Debug|Any CPU
		{016DC939-E023-44C6-BB53-CED29D5E5531}.Release|Any CPU.ActiveCfg = Release|Any CPU
		{016DC939-E023-44C6-BB53-CED29D5E5531}.Release|Any CPU.Build.0 = Release|Any CPU
		{7701B89A-3D3C-4B30-BB0F-4DBC3C706C4A}.Debug|Any CPU.ActiveCfg = Debug|Any CPU
		{7701B89A-3D3C-4B30-BB0F-4DBC3C706C4A}.Debug|Any CPU.Build.0 = Debug|Any CPU
		{7701B89A-3D3C-4B30-BB0F-4DBC3C706C4A}.Release|Any CPU.ActiveCfg = Release|Any CPU
		{7701B89A-3D3C-4B30-BB0F-4DBC3C706C4A}.Release|Any CPU.Build.0 = Release|Any CPU
		{8C4CC80D-2B0C-4F27-B52A-BFA300F81493}.Debug|Any CPU.ActiveCfg = Debug|Any CPU
		{8C4CC80D-2B0C-4F27-B52A-BFA300F81493}.Debug|Any CPU.Build.0 = Debug|Any CPU
		{8C4CC80D-2B0C-4F27-B52A-BFA300F81493}.Release|Any CPU.ActiveCfg = Release|Any CPU
		{8C4CC80D-2B0C-4F27-B52A-BFA300F81493}.Release|Any CPU.Build.0 = Release|Any CPU
	EndGlobalSection
	GlobalSection(SolutionProperties) = preSolution
		HideSolutionNode = FALSE
	EndGlobalSection
	GlobalSection(ExtensibilityGlobals) = postSolution
		SolutionGuid = {8D6156A0-E193-4228-9612-6CE06E43CB4E}
	EndGlobalSection
EndGlobal
